// !$*UTF8*$!
{
	archiveVersion = 1;
	classes = {
	};
	objectVersion = 46;
	objects = {

/* Begin PBXBuildFile section */
		3A9B4F7EC0E0B4E6E42821D9 /* libPods.a in Frameworks */ = {isa = PBXBuildFile; fileRef = 4766896C91418E27F63D52DA /* libPods.a */; };
		DD3C4DF01A0D294B002856AE /* main.m in Sources */ = {isa = PBXBuildFile; fileRef = DD3C4DEF1A0D294B002856AE /* main.m */; };
		DD3C4DF31A0D294B002856AE /* AppDelegate.m in Sources */ = {isa = PBXBuildFile; fileRef = DD3C4DF21A0D294B002856AE /* AppDelegate.m */; };
		DD3C4DF61A0D294B002856AE /* Alerts.xcdatamodeld in Sources */ = {isa = PBXBuildFile; fileRef = DD3C4DF41A0D294B002856AE /* Alerts.xcdatamodeld */; };
		DD3C4DF91A0D294B002856AE /* HomeViewController.m in Sources */ = {isa = PBXBuildFile; fileRef = DD3C4DF81A0D294B002856AE /* HomeViewController.m */; };
		DD3C4DFC1A0D294C002856AE /* Main.storyboard in Resources */ = {isa = PBXBuildFile; fileRef = DD3C4DFA1A0D294C002856AE /* Main.storyboard */; };
		DD3C4DFE1A0D294C002856AE /* Images.xcassets in Resources */ = {isa = PBXBuildFile; fileRef = DD3C4DFD1A0D294C002856AE /* Images.xcassets */; };
		DD3C4E011A0D294C002856AE /* LaunchScreen.xib in Resources */ = {isa = PBXBuildFile; fileRef = DD3C4DFF1A0D294C002856AE /* LaunchScreen.xib */; };
		DD3C4E0D1A0D294C002856AE /* AlertsTests.m in Sources */ = {isa = PBXBuildFile; fileRef = DD3C4E0C1A0D294C002856AE /* AlertsTests.m */; };
		DD3C4E1A1A0D2E3F002856AE /* LoggingService.m in Sources */ = {isa = PBXBuildFile; fileRef = DD3C4E191A0D2E3F002856AE /* LoggingService.m */; };
		DD3C4E201A0D318F002856AE /* CoreDataManager.m in Sources */ = {isa = PBXBuildFile; fileRef = DD3C4E1F1A0D318F002856AE /* CoreDataManager.m */; };
		DD3C4E2A1A0D3A0E002856AE /* AlertsUI.m in Sources */ = {isa = PBXBuildFile; fileRef = DD3C4E291A0D3A0E002856AE /* AlertsUI.m */; };
		DD3C4E2C1A0D3A75002856AE /* Localizable.strings in Resources */ = {isa = PBXBuildFile; fileRef = DD3C4E2B1A0D3A75002856AE /* Localizable.strings */; };
		DD3C4E301A10AB37002856AE /* HandleOpenURLService.m in Sources */ = {isa = PBXBuildFile; fileRef = DD3C4E2F1A10AB37002856AE /* HandleOpenURLService.m */; };
		DD3C4E351A10B2E7002856AE /* Alerts Property List.plist in Resources */ = {isa = PBXBuildFile; fileRef = DD3C4E341A10B2E7002856AE /* Alerts Property List.plist */; };
		DD3C4E381A10B369002856AE /* AlertsPropertyList.m in Sources */ = {isa = PBXBuildFile; fileRef = DD3C4E371A10B369002856AE /* AlertsPropertyList.m */; };
		DD3C4E3E1A10B612002856AE /* ErrorService.m in Sources */ = {isa = PBXBuildFile; fileRef = DD3C4E3D1A10B612002856AE /* ErrorService.m */; };
		DD3C4E511A10B998002856AE /* libGoogleAnalyticsServices.a in Frameworks */ = {isa = PBXBuildFile; fileRef = DD3C4E401A10B998002856AE /* libGoogleAnalyticsServices.a */; };
		DD3C4E581A10B9DC002856AE /* TrackingService.m in Sources */ = {isa = PBXBuildFile; fileRef = DD3C4E571A10B9DC002856AE /* TrackingService.m */; };
		DD3C4E5C1A10BD60002856AE /* libsqlite3.dylib in Frameworks */ = {isa = PBXBuildFile; fileRef = DD3C4E5B1A10BD60002856AE /* libsqlite3.dylib */; };
		DD3C4E5E1A10BDB6002856AE /* libz.dylib in Frameworks */ = {isa = PBXBuildFile; fileRef = DD3C4E5D1A10BDB6002856AE /* libz.dylib */; };
		DD3C4E611A10BF5C002856AE /* UserSettingsService.m in Sources */ = {isa = PBXBuildFile; fileRef = DD3C4E601A10BF5C002856AE /* UserSettingsService.m */; };
		DD3C4E651A10CDD7002856AE /* AdSupport.framework in Frameworks */ = {isa = PBXBuildFile; fileRef = DD3C4E641A10CDD7002856AE /* AdSupport.framework */; };
		DD3C4E661A10CE1F002856AE /* libAdIdAccess.a in Frameworks */ = {isa = PBXBuildFile; fileRef = DD3C4E3F1A10B998002856AE /* libAdIdAccess.a */; };
		DD3C4E6D1A10D749002856AE /* Settings.bundle in Resources */ = {isa = PBXBuildFile; fileRef = DD3C4E6C1A10D749002856AE /* Settings.bundle */; };
		DD3C4E711A10DD74002856AE /* LICENSE.txt in Resources */ = {isa = PBXBuildFile; fileRef = DD3C4E701A10DD74002856AE /* LICENSE.txt */; };
		DDD62D3F1A111B64009702BD /* CHANGELOG.md in Resources */ = {isa = PBXBuildFile; fileRef = DDD62D3E1A111B64009702BD /* CHANGELOG.md */; };
		DDD62D451A112613009702BD /* ACKNOWLEDGEMENTS.txt in Resources */ = {isa = PBXBuildFile; fileRef = DDD62D441A112613009702BD /* ACKNOWLEDGEMENTS.txt */; };
		DDD62D4B1A135BFD009702BD /* UINavigationController+StatusBarStyle.m in Sources */ = {isa = PBXBuildFile; fileRef = DDD62D4A1A135BFD009702BD /* UINavigationController+StatusBarStyle.m */; };
		DDD62D4E1A135DDE009702BD /* SettingsViewController.m in Sources */ = {isa = PBXBuildFile; fileRef = DDD62D4D1A135DDE009702BD /* SettingsViewController.m */; };
/* End PBXBuildFile section */

/* Begin PBXContainerItemProxy section */
		DD3C4E071A0D294C002856AE /* PBXContainerItemProxy */ = {
			isa = PBXContainerItemProxy;
			containerPortal = DD3C4DE21A0D294B002856AE /* Project object */;
			proxyType = 1;
			remoteGlobalIDString = DD3C4DE91A0D294B002856AE;
			remoteInfo = Alerts;
		};
/* End PBXContainerItemProxy section */

/* Begin PBXFileReference section */
		4766896C91418E27F63D52DA /* libPods.a */ = {isa = PBXFileReference; explicitFileType = archive.ar; includeInIndex = 0; path = libPods.a; sourceTree = BUILT_PRODUCTS_DIR; };
		DD3C4DEA1A0D294B002856AE /* Alerts.app */ = {isa = PBXFileReference; explicitFileType = wrapper.application; includeInIndex = 0; path = Alerts.app; sourceTree = BUILT_PRODUCTS_DIR; };
		DD3C4DEE1A0D294B002856AE /* Info.plist */ = {isa = PBXFileReference; lastKnownFileType = text.plist.xml; path = Info.plist; sourceTree = "<group>"; };
		DD3C4DEF1A0D294B002856AE /* main.m */ = {isa = PBXFileReference; lastKnownFileType = sourcecode.c.objc; path = main.m; sourceTree = "<group>"; };
		DD3C4DF11A0D294B002856AE /* AppDelegate.h */ = {isa = PBXFileReference; lastKnownFileType = sourcecode.c.h; path = AppDelegate.h; sourceTree = "<group>"; };
		DD3C4DF21A0D294B002856AE /* AppDelegate.m */ = {isa = PBXFileReference; lastKnownFileType = sourcecode.c.objc; path = AppDelegate.m; sourceTree = "<group>"; };
		DD3C4DF51A0D294B002856AE /* Alerts.xcdatamodel */ = {isa = PBXFileReference; lastKnownFileType = wrapper.xcdatamodel; path = Alerts.xcdatamodel; sourceTree = "<group>"; };
		DD3C4DF71A0D294B002856AE /* HomeViewController.h */ = {isa = PBXFileReference; lastKnownFileType = sourcecode.c.h; path = HomeViewController.h; sourceTree = "<group>"; };
		DD3C4DF81A0D294B002856AE /* HomeViewController.m */ = {isa = PBXFileReference; lastKnownFileType = sourcecode.c.objc; path = HomeViewController.m; sourceTree = "<group>"; };
		DD3C4DFB1A0D294C002856AE /* Base */ = {isa = PBXFileReference; lastKnownFileType = file.storyboard; name = Base; path = Base.lproj/Main.storyboard; sourceTree = "<group>"; };
		DD3C4DFD1A0D294C002856AE /* Images.xcassets */ = {isa = PBXFileReference; lastKnownFileType = folder.assetcatalog; path = Images.xcassets; sourceTree = "<group>"; };
		DD3C4E001A0D294C002856AE /* Base */ = {isa = PBXFileReference; lastKnownFileType = file.xib; name = Base; path = Base.lproj/LaunchScreen.xib; sourceTree = "<group>"; };
		DD3C4E061A0D294C002856AE /* AlertsTests.xctest */ = {isa = PBXFileReference; explicitFileType = wrapper.cfbundle; includeInIndex = 0; path = AlertsTests.xctest; sourceTree = BUILT_PRODUCTS_DIR; };
		DD3C4E0B1A0D294C002856AE /* Info.plist */ = {isa = PBXFileReference; lastKnownFileType = text.plist.xml; path = Info.plist; sourceTree = "<group>"; };
		DD3C4E0C1A0D294C002856AE /* AlertsTests.m */ = {isa = PBXFileReference; lastKnownFileType = sourcecode.c.objc; path = AlertsTests.m; sourceTree = "<group>"; };
		DD3C4E181A0D2E3F002856AE /* LoggingService.h */ = {isa = PBXFileReference; fileEncoding = 4; lastKnownFileType = sourcecode.c.h; path = LoggingService.h; sourceTree = "<group>"; };
		DD3C4E191A0D2E3F002856AE /* LoggingService.m */ = {isa = PBXFileReference; fileEncoding = 4; lastKnownFileType = sourcecode.c.objc; path = LoggingService.m; sourceTree = "<group>"; };
		DD3C4E1C1A0D30EC002856AE /* PrefixHeader.pch */ = {isa = PBXFileReference; fileEncoding = 4; lastKnownFileType = sourcecode.c.h; path = PrefixHeader.pch; sourceTree = "<group>"; };
		DD3C4E1E1A0D318F002856AE /* CoreDataManager.h */ = {isa = PBXFileReference; fileEncoding = 4; lastKnownFileType = sourcecode.c.h; path = CoreDataManager.h; sourceTree = "<group>"; };
		DD3C4E1F1A0D318F002856AE /* CoreDataManager.m */ = {isa = PBXFileReference; fileEncoding = 4; lastKnownFileType = sourcecode.c.objc; path = CoreDataManager.m; sourceTree = "<group>"; };
		DD3C4E281A0D3A0E002856AE /* AlertsUI.h */ = {isa = PBXFileReference; fileEncoding = 4; lastKnownFileType = sourcecode.c.h; path = AlertsUI.h; sourceTree = "<group>"; };
		DD3C4E291A0D3A0E002856AE /* AlertsUI.m */ = {isa = PBXFileReference; fileEncoding = 4; lastKnownFileType = sourcecode.c.objc; path = AlertsUI.m; sourceTree = "<group>"; };
		DD3C4E2B1A0D3A75002856AE /* Localizable.strings */ = {isa = PBXFileReference; fileEncoding = 4; lastKnownFileType = text.plist.strings; path = Localizable.strings; sourceTree = "<group>"; };
		DD3C4E2E1A10AB37002856AE /* HandleOpenURLService.h */ = {isa = PBXFileReference; fileEncoding = 4; lastKnownFileType = sourcecode.c.h; path = HandleOpenURLService.h; sourceTree = "<group>"; };
		DD3C4E2F1A10AB37002856AE /* HandleOpenURLService.m */ = {isa = PBXFileReference; fileEncoding = 4; lastKnownFileType = sourcecode.c.objc; path = HandleOpenURLService.m; sourceTree = "<group>"; };
		DD3C4E341A10B2E7002856AE /* Alerts Property List.plist */ = {isa = PBXFileReference; fileEncoding = 4; lastKnownFileType = text.plist.xml; path = "Alerts Property List.plist"; sourceTree = "<group>"; };
		DD3C4E361A10B369002856AE /* AlertsPropertyList.h */ = {isa = PBXFileReference; fileEncoding = 4; lastKnownFileType = sourcecode.c.h; path = AlertsPropertyList.h; sourceTree = "<group>"; };
		DD3C4E371A10B369002856AE /* AlertsPropertyList.m */ = {isa = PBXFileReference; fileEncoding = 4; lastKnownFileType = sourcecode.c.objc; path = AlertsPropertyList.m; sourceTree = "<group>"; };
		DD3C4E3A1A10B580002856AE /* ErrorHeader.h */ = {isa = PBXFileReference; lastKnownFileType = sourcecode.c.h; path = ErrorHeader.h; sourceTree = "<group>"; };
		DD3C4E3C1A10B612002856AE /* ErrorService.h */ = {isa = PBXFileReference; fileEncoding = 4; lastKnownFileType = sourcecode.c.h; path = ErrorService.h; sourceTree = "<group>"; };
		DD3C4E3D1A10B612002856AE /* ErrorService.m */ = {isa = PBXFileReference; fileEncoding = 4; lastKnownFileType = sourcecode.c.objc; path = ErrorService.m; sourceTree = "<group>"; };
		DD3C4E3F1A10B998002856AE /* libAdIdAccess.a */ = {isa = PBXFileReference; lastKnownFileType = archive.ar; path = libAdIdAccess.a; sourceTree = "<group>"; };
		DD3C4E401A10B998002856AE /* libGoogleAnalyticsServices.a */ = {isa = PBXFileReference; lastKnownFileType = archive.ar; path = libGoogleAnalyticsServices.a; sourceTree = "<group>"; };
		DD3C4E411A10B998002856AE /* TAGContainer.h */ = {isa = PBXFileReference; fileEncoding = 4; lastKnownFileType = sourcecode.c.h; path = TAGContainer.h; sourceTree = "<group>"; };
		DD3C4E421A10B998002856AE /* TAGContainerOpener.h */ = {isa = PBXFileReference; fileEncoding = 4; lastKnownFileType = sourcecode.c.h; path = TAGContainerOpener.h; sourceTree = "<group>"; };
		DD3C4E431A10B998002856AE /* TAGDataLayer.h */ = {isa = PBXFileReference; fileEncoding = 4; lastKnownFileType = sourcecode.c.h; path = TAGDataLayer.h; sourceTree = "<group>"; };
		DD3C4E441A10B998002856AE /* TAGLogger.h */ = {isa = PBXFileReference; fileEncoding = 4; lastKnownFileType = sourcecode.c.h; path = TAGLogger.h; sourceTree = "<group>"; };
		DD3C4E451A10B998002856AE /* TAGManager.h */ = {isa = PBXFileReference; fileEncoding = 4; lastKnownFileType = sourcecode.c.h; path = TAGManager.h; sourceTree = "<group>"; };
		DD3C4E461A10B998002856AE /* GAI.h */ = {isa = PBXFileReference; fileEncoding = 4; lastKnownFileType = sourcecode.c.h; path = GAI.h; sourceTree = "<group>"; };
		DD3C4E471A10B998002856AE /* GAIDictionaryBuilder.h */ = {isa = PBXFileReference; fileEncoding = 4; lastKnownFileType = sourcecode.c.h; path = GAIDictionaryBuilder.h; sourceTree = "<group>"; };
		DD3C4E481A10B998002856AE /* GAIEcommerceFields.h */ = {isa = PBXFileReference; fileEncoding = 4; lastKnownFileType = sourcecode.c.h; path = GAIEcommerceFields.h; sourceTree = "<group>"; };
		DD3C4E491A10B998002856AE /* GAIEcommerceProduct.h */ = {isa = PBXFileReference; fileEncoding = 4; lastKnownFileType = sourcecode.c.h; path = GAIEcommerceProduct.h; sourceTree = "<group>"; };
		DD3C4E4A1A10B998002856AE /* GAIEcommerceProductAction.h */ = {isa = PBXFileReference; fileEncoding = 4; lastKnownFileType = sourcecode.c.h; path = GAIEcommerceProductAction.h; sourceTree = "<group>"; };
		DD3C4E4B1A10B998002856AE /* GAIEcommercePromotion.h */ = {isa = PBXFileReference; fileEncoding = 4; lastKnownFileType = sourcecode.c.h; path = GAIEcommercePromotion.h; sourceTree = "<group>"; };
		DD3C4E4C1A10B998002856AE /* GAIFields.h */ = {isa = PBXFileReference; fileEncoding = 4; lastKnownFileType = sourcecode.c.h; path = GAIFields.h; sourceTree = "<group>"; };
		DD3C4E4D1A10B998002856AE /* GAILogger.h */ = {isa = PBXFileReference; fileEncoding = 4; lastKnownFileType = sourcecode.c.h; path = GAILogger.h; sourceTree = "<group>"; };
		DD3C4E4E1A10B998002856AE /* GAITrackedViewController.h */ = {isa = PBXFileReference; fileEncoding = 4; lastKnownFileType = sourcecode.c.h; path = GAITrackedViewController.h; sourceTree = "<group>"; };
		DD3C4E4F1A10B998002856AE /* GAITracker.h */ = {isa = PBXFileReference; fileEncoding = 4; lastKnownFileType = sourcecode.c.h; path = GAITracker.h; sourceTree = "<group>"; };
		DD3C4E561A10B9DC002856AE /* TrackingService.h */ = {isa = PBXFileReference; fileEncoding = 4; lastKnownFileType = sourcecode.c.h; path = TrackingService.h; sourceTree = "<group>"; };
		DD3C4E571A10B9DC002856AE /* TrackingService.m */ = {isa = PBXFileReference; fileEncoding = 4; lastKnownFileType = sourcecode.c.objc; path = TrackingService.m; sourceTree = "<group>"; };
		DD3C4E5A1A10BCA1002856AE /* TrackingHeader.h */ = {isa = PBXFileReference; lastKnownFileType = sourcecode.c.h; path = TrackingHeader.h; sourceTree = "<group>"; };
		DD3C4E5B1A10BD60002856AE /* libsqlite3.dylib */ = {isa = PBXFileReference; lastKnownFileType = "compiled.mach-o.dylib"; name = libsqlite3.dylib; path = usr/lib/libsqlite3.dylib; sourceTree = SDKROOT; };
		DD3C4E5D1A10BDB6002856AE /* libz.dylib */ = {isa = PBXFileReference; lastKnownFileType = "compiled.mach-o.dylib"; name = libz.dylib; path = usr/lib/libz.dylib; sourceTree = SDKROOT; };
		DD3C4E5F1A10BF5C002856AE /* UserSettingsService.h */ = {isa = PBXFileReference; fileEncoding = 4; lastKnownFileType = sourcecode.c.h; path = UserSettingsService.h; sourceTree = "<group>"; };
		DD3C4E601A10BF5C002856AE /* UserSettingsService.m */ = {isa = PBXFileReference; fileEncoding = 4; lastKnownFileType = sourcecode.c.objc; path = UserSettingsService.m; sourceTree = "<group>"; };
		DD3C4E631A10BFD7002856AE /* UserSettingsHeader.h */ = {isa = PBXFileReference; lastKnownFileType = sourcecode.c.h; path = UserSettingsHeader.h; sourceTree = "<group>"; };
		DD3C4E641A10CDD7002856AE /* AdSupport.framework */ = {isa = PBXFileReference; lastKnownFileType = wrapper.framework; name = AdSupport.framework; path = System/Library/Frameworks/AdSupport.framework; sourceTree = SDKROOT; };
		DD3C4E6C1A10D749002856AE /* Settings.bundle */ = {isa = PBXFileReference; lastKnownFileType = "wrapper.plug-in"; path = Settings.bundle; sourceTree = "<group>"; };
		DD3C4E6E1A10D99A002856AE /* README.md */ = {isa = PBXFileReference; fileEncoding = 4; lastKnownFileType = net.daringfireball.markdown; path = README.md; sourceTree = "<group>"; };
		DD3C4E701A10DD74002856AE /* LICENSE.txt */ = {isa = PBXFileReference; fileEncoding = 4; lastKnownFileType = text; path = LICENSE.txt; sourceTree = "<group>"; };
		DDD62D3E1A111B64009702BD /* CHANGELOG.md */ = {isa = PBXFileReference; fileEncoding = 4; lastKnownFileType = net.daringfireball.markdown; path = CHANGELOG.md; sourceTree = "<group>"; };
		DDD62D441A112613009702BD /* ACKNOWLEDGEMENTS.txt */ = {isa = PBXFileReference; fileEncoding = 4; lastKnownFileType = text; path = ACKNOWLEDGEMENTS.txt; sourceTree = "<group>"; };
		DDD62D491A135BFD009702BD /* UINavigationController+StatusBarStyle.h */ = {isa = PBXFileReference; fileEncoding = 4; lastKnownFileType = sourcecode.c.h; path = "UINavigationController+StatusBarStyle.h"; sourceTree = "<group>"; };
		DDD62D4A1A135BFD009702BD /* UINavigationController+StatusBarStyle.m */ = {isa = PBXFileReference; fileEncoding = 4; lastKnownFileType = sourcecode.c.objc; path = "UINavigationController+StatusBarStyle.m"; sourceTree = "<group>"; };
		DDD62D4C1A135DDE009702BD /* SettingsViewController.h */ = {isa = PBXFileReference; fileEncoding = 4; lastKnownFileType = sourcecode.c.h; path = SettingsViewController.h; sourceTree = "<group>"; };
		DDD62D4D1A135DDE009702BD /* SettingsViewController.m */ = {isa = PBXFileReference; fileEncoding = 4; lastKnownFileType = sourcecode.c.objc; path = SettingsViewController.m; sourceTree = "<group>"; };
		E5D305ED80B5B71375D814F7 /* Pods.release.xcconfig */ = {isa = PBXFileReference; includeInIndex = 1; lastKnownFileType = text.xcconfig; name = Pods.release.xcconfig; path = "Pods/Target Support Files/Pods/Pods.release.xcconfig"; sourceTree = "<group>"; };
		E9C1F77DF2DB334A2EFAC6E0 /* Pods.debug.xcconfig */ = {isa = PBXFileReference; includeInIndex = 1; lastKnownFileType = text.xcconfig; name = Pods.debug.xcconfig; path = "Pods/Target Support Files/Pods/Pods.debug.xcconfig"; sourceTree = "<group>"; };
/* End PBXFileReference section */

/* Begin PBXFrameworksBuildPhase section */
		DD3C4DE71A0D294B002856AE /* Frameworks */ = {
			isa = PBXFrameworksBuildPhase;
			buildActionMask = 2147483647;
			files = (
				DD3C4E651A10CDD7002856AE /* AdSupport.framework in Frameworks */,
				DD3C4E661A10CE1F002856AE /* libAdIdAccess.a in Frameworks */,
				3A9B4F7EC0E0B4E6E42821D9 /* libPods.a in Frameworks */,
				DD3C4E511A10B998002856AE /* libGoogleAnalyticsServices.a in Frameworks */,
				DD3C4E5E1A10BDB6002856AE /* libz.dylib in Frameworks */,
				DD3C4E5C1A10BD60002856AE /* libsqlite3.dylib in Frameworks */,
			);
			runOnlyForDeploymentPostprocessing = 0;
		};
		DD3C4E031A0D294C002856AE /* Frameworks */ = {
			isa = PBXFrameworksBuildPhase;
			buildActionMask = 2147483647;
			files = (
			);
			runOnlyForDeploymentPostprocessing = 0;
		};
/* End PBXFrameworksBuildPhase section */

/* Begin PBXGroup section */
		31693DCD1D1340B9FCBC06C2 /* Frameworks */ = {
			isa = PBXGroup;
			children = (
				DD3C4E641A10CDD7002856AE /* AdSupport.framework */,
				DD3C4E5D1A10BDB6002856AE /* libz.dylib */,
				DD3C4E5B1A10BD60002856AE /* libsqlite3.dylib */,
				4766896C91418E27F63D52DA /* libPods.a */,
			);
			name = Frameworks;
			sourceTree = "<group>";
		};
		7475F5CC0FDEAA0981B23115 /* Pods */ = {
			isa = PBXGroup;
			children = (
				E9C1F77DF2DB334A2EFAC6E0 /* Pods.debug.xcconfig */,
				E5D305ED80B5B71375D814F7 /* Pods.release.xcconfig */,
			);
			name = Pods;
			sourceTree = "<group>";
		};
		DD3C4DE11A0D294B002856AE = {
			isa = PBXGroup;
			children = (
				DD3C4E701A10DD74002856AE /* LICENSE.txt */,
				DDD62D441A112613009702BD /* ACKNOWLEDGEMENTS.txt */,
				DD3C4E6E1A10D99A002856AE /* README.md */,
				DDD62D3E1A111B64009702BD /* CHANGELOG.md */,
				DD3C4E521A10B99D002856AE /* Frameworks */,
				DD3C4DEC1A0D294B002856AE /* Alerts */,
				DD3C4E091A0D294C002856AE /* AlertsTests */,
				DD3C4DEB1A0D294B002856AE /* Products */,
				7475F5CC0FDEAA0981B23115 /* Pods */,
				31693DCD1D1340B9FCBC06C2 /* Frameworks */,
			);
			sourceTree = "<group>";
		};
		DD3C4DEB1A0D294B002856AE /* Products */ = {
			isa = PBXGroup;
			children = (
				DD3C4DEA1A0D294B002856AE /* Alerts.app */,
				DD3C4E061A0D294C002856AE /* AlertsTests.xctest */,
			);
			name = Products;
			sourceTree = "<group>";
		};
		DD3C4DEC1A0D294B002856AE /* Alerts */ = {
			isa = PBXGroup;
			children = (
				DD3C4E311A10AB3C002856AE /* Handle Open URL */,
				DD3C4E391A10B36F002856AE /* Property List */,
				DD3C4E3B1A10B587002856AE /* Errors */,
				DD3C4E591A10B9E1002856AE /* Tracking */,
				DD3C4E1B1A0D2E44002856AE /* Logging */,
				DD3C4E621A10BF60002856AE /* User Settings */,
				DD3C4E161A0D2D75002856AE /* App Delegate */,
				DD3C4E691A10D030002856AE /* Settings */,
				DD3C4E231A0D35E8002856AE /* View Controllers */,
				DD3C4E271A0D39C3002856AE /* Alerts UI */,
				DD3C4E221A0D35D5002856AE /* Views */,
				DD3C4E2D1A0D3A7C002856AE /* Texts */,
				DD3C4E1D1A0D3180002856AE /* ORM */,
				DD3C4DED1A0D294B002856AE /* Supporting Files */,
			);
			path = Alerts;
			sourceTree = "<group>";
		};
		DD3C4DED1A0D294B002856AE /* Supporting Files */ = {
			isa = PBXGroup;
			children = (
				DD3C4DEE1A0D294B002856AE /* Info.plist */,
				DD3C4E341A10B2E7002856AE /* Alerts Property List.plist */,
				DD3C4DEF1A0D294B002856AE /* main.m */,
				DD3C4E1C1A0D30EC002856AE /* PrefixHeader.pch */,
			);
			name = "Supporting Files";
			sourceTree = "<group>";
		};
		DD3C4E091A0D294C002856AE /* AlertsTests */ = {
			isa = PBXGroup;
			children = (
				DD3C4E0C1A0D294C002856AE /* AlertsTests.m */,
				DD3C4E0A1A0D294C002856AE /* Supporting Files */,
			);
			path = AlertsTests;
			sourceTree = "<group>";
		};
		DD3C4E0A1A0D294C002856AE /* Supporting Files */ = {
			isa = PBXGroup;
			children = (
				DD3C4E0B1A0D294C002856AE /* Info.plist */,
			);
			name = "Supporting Files";
			sourceTree = "<group>";
		};
		DD3C4E161A0D2D75002856AE /* App Delegate */ = {
			isa = PBXGroup;
			children = (
				DD3C4DF11A0D294B002856AE /* AppDelegate.h */,
				DD3C4DF21A0D294B002856AE /* AppDelegate.m */,
			);
			name = "App Delegate";
			sourceTree = "<group>";
		};
		DD3C4E1B1A0D2E44002856AE /* Logging */ = {
			isa = PBXGroup;
			children = (
				DD3C4E181A0D2E3F002856AE /* LoggingService.h */,
				DD3C4E191A0D2E3F002856AE /* LoggingService.m */,
			);
			name = Logging;
			sourceTree = "<group>";
		};
		DD3C4E1D1A0D3180002856AE /* ORM */ = {
			isa = PBXGroup;
			children = (
				DD3C4DF41A0D294B002856AE /* Alerts.xcdatamodeld */,
				DD3C4E211A0D3194002856AE /* Manager */,
			);
			name = ORM;
			sourceTree = "<group>";
		};
		DD3C4E211A0D3194002856AE /* Manager */ = {
			isa = PBXGroup;
			children = (
				DD3C4E1E1A0D318F002856AE /* CoreDataManager.h */,
				DD3C4E1F1A0D318F002856AE /* CoreDataManager.m */,
			);
			name = Manager;
			sourceTree = "<group>";
		};
		DD3C4E221A0D35D5002856AE /* Views */ = {
			isa = PBXGroup;
			children = (
				DD3C4DFA1A0D294C002856AE /* Main.storyboard */,
				DD3C4DFD1A0D294C002856AE /* Images.xcassets */,
				DD3C4DFF1A0D294C002856AE /* LaunchScreen.xib */,
			);
			name = Views;
			sourceTree = "<group>";
		};
		DD3C4E231A0D35E8002856AE /* View Controllers */ = {
			isa = PBXGroup;
			children = (
				DDD62D491A135BFD009702BD /* UINavigationController+StatusBarStyle.h */,
				DDD62D4A1A135BFD009702BD /* UINavigationController+StatusBarStyle.m */,
				DD3C4DF71A0D294B002856AE /* HomeViewController.h */,
				DD3C4DF81A0D294B002856AE /* HomeViewController.m */,
				DDD62D4C1A135DDE009702BD /* SettingsViewController.h */,
				DDD62D4D1A135DDE009702BD /* SettingsViewController.m */,
			);
			name = "View Controllers";
			sourceTree = "<group>";
		};
		DD3C4E271A0D39C3002856AE /* Alerts UI */ = {
			isa = PBXGroup;
			children = (
				DD3C4E281A0D3A0E002856AE /* AlertsUI.h */,
				DD3C4E291A0D3A0E002856AE /* AlertsUI.m */,
			);
			name = "Alerts UI";
			sourceTree = "<group>";
		};
		DD3C4E2D1A0D3A7C002856AE /* Texts */ = {
			isa = PBXGroup;
			children = (
				DD3C4E2B1A0D3A75002856AE /* Localizable.strings */,
			);
			name = Texts;
			sourceTree = "<group>";
		};
		DD3C4E311A10AB3C002856AE /* Handle Open URL */ = {
			isa = PBXGroup;
			children = (
				DD3C4E2E1A10AB37002856AE /* HandleOpenURLService.h */,
				DD3C4E2F1A10AB37002856AE /* HandleOpenURLService.m */,
			);
			name = "Handle Open URL";
			sourceTree = "<group>";
		};
		DD3C4E391A10B36F002856AE /* Property List */ = {
			isa = PBXGroup;
			children = (
				DD3C4E361A10B369002856AE /* AlertsPropertyList.h */,
				DD3C4E371A10B369002856AE /* AlertsPropertyList.m */,
			);
			name = "Property List";
			sourceTree = "<group>";
		};
		DD3C4E3B1A10B587002856AE /* Errors */ = {
			isa = PBXGroup;
			children = (
				DD3C4E3A1A10B580002856AE /* ErrorHeader.h */,
				DD3C4E3C1A10B612002856AE /* ErrorService.h */,
				DD3C4E3D1A10B612002856AE /* ErrorService.m */,
			);
			name = Errors;
			sourceTree = "<group>";
		};
		DD3C4E521A10B99D002856AE /* Frameworks */ = {
			isa = PBXGroup;
			children = (
				DD3C4E531A10B9A7002856AE /* Google Analytics */,
			);
			name = Frameworks;
			sourceTree = "<group>";
		};
		DD3C4E531A10B9A7002856AE /* Google Analytics */ = {
			isa = PBXGroup;
			children = (
				DD3C4E3F1A10B998002856AE /* libAdIdAccess.a */,
				DD3C4E401A10B998002856AE /* libGoogleAnalyticsServices.a */,
				DD3C4E541A10B9BA002856AE /* TagManager SDK */,
				DD3C4E551A10B9C3002856AE /* Analytics SDK */,
			);
			name = "Google Analytics";
			sourceTree = "<group>";
		};
		DD3C4E541A10B9BA002856AE /* TagManager SDK */ = {
			isa = PBXGroup;
			children = (
				DD3C4E411A10B998002856AE /* TAGContainer.h */,
				DD3C4E421A10B998002856AE /* TAGContainerOpener.h */,
				DD3C4E431A10B998002856AE /* TAGDataLayer.h */,
				DD3C4E441A10B998002856AE /* TAGLogger.h */,
				DD3C4E451A10B998002856AE /* TAGManager.h */,
			);
			name = "TagManager SDK";
			sourceTree = "<group>";
		};
		DD3C4E551A10B9C3002856AE /* Analytics SDK */ = {
			isa = PBXGroup;
			children = (
				DD3C4E461A10B998002856AE /* GAI.h */,
				DD3C4E471A10B998002856AE /* GAIDictionaryBuilder.h */,
				DD3C4E481A10B998002856AE /* GAIEcommerceFields.h */,
				DD3C4E491A10B998002856AE /* GAIEcommerceProduct.h */,
				DD3C4E4A1A10B998002856AE /* GAIEcommerceProductAction.h */,
				DD3C4E4B1A10B998002856AE /* GAIEcommercePromotion.h */,
				DD3C4E4C1A10B998002856AE /* GAIFields.h */,
				DD3C4E4D1A10B998002856AE /* GAILogger.h */,
				DD3C4E4E1A10B998002856AE /* GAITrackedViewController.h */,
				DD3C4E4F1A10B998002856AE /* GAITracker.h */,
			);
			name = "Analytics SDK";
			sourceTree = "<group>";
		};
		DD3C4E591A10B9E1002856AE /* Tracking */ = {
			isa = PBXGroup;
			children = (
				DD3C4E5A1A10BCA1002856AE /* TrackingHeader.h */,
				DD3C4E561A10B9DC002856AE /* TrackingService.h */,
				DD3C4E571A10B9DC002856AE /* TrackingService.m */,
			);
			name = Tracking;
			sourceTree = "<group>";
		};
		DD3C4E621A10BF60002856AE /* User Settings */ = {
			isa = PBXGroup;
			children = (
				DD3C4E631A10BFD7002856AE /* UserSettingsHeader.h */,
				DD3C4E5F1A10BF5C002856AE /* UserSettingsService.h */,
				DD3C4E601A10BF5C002856AE /* UserSettingsService.m */,
			);
			name = "User Settings";
			sourceTree = "<group>";
		};
		DD3C4E691A10D030002856AE /* Settings */ = {
			isa = PBXGroup;
			children = (
				DD3C4E6C1A10D749002856AE /* Settings.bundle */,
			);
			name = Settings;
			sourceTree = "<group>";
		};
/* End PBXGroup section */

/* Begin PBXNativeTarget section */
		DD3C4DE91A0D294B002856AE /* Alerts */ = {
			isa = PBXNativeTarget;
			buildConfigurationList = DD3C4E101A0D294C002856AE /* Build configuration list for PBXNativeTarget "Alerts" */;
			buildPhases = (
				9C2FC6D47564ECE5C6E73C73 /* Check Pods Manifest.lock */,
				DD3C4DE61A0D294B002856AE /* Sources */,
				DD3C4DE71A0D294B002856AE /* Frameworks */,
				DD3C4DE81A0D294B002856AE /* Resources */,
				D3C4EEFA73AE6180514911E4 /* Copy Pods Resources */,
			);
			buildRules = (
			);
			dependencies = (
			);
			name = Alerts;
			productName = Alerts;
			productReference = DD3C4DEA1A0D294B002856AE /* Alerts.app */;
			productType = "com.apple.product-type.application";
		};
		DD3C4E051A0D294C002856AE /* AlertsTests */ = {
			isa = PBXNativeTarget;
			buildConfigurationList = DD3C4E131A0D294C002856AE /* Build configuration list for PBXNativeTarget "AlertsTests" */;
			buildPhases = (
				DD3C4E021A0D294C002856AE /* Sources */,
				DD3C4E031A0D294C002856AE /* Frameworks */,
				DD3C4E041A0D294C002856AE /* Resources */,
			);
			buildRules = (
			);
			dependencies = (
				DD3C4E081A0D294C002856AE /* PBXTargetDependency */,
			);
			name = AlertsTests;
			productName = AlertsTests;
			productReference = DD3C4E061A0D294C002856AE /* AlertsTests.xctest */;
			productType = "com.apple.product-type.bundle.unit-test";
		};
/* End PBXNativeTarget section */

/* Begin PBXProject section */
		DD3C4DE21A0D294B002856AE /* Project object */ = {
			isa = PBXProject;
			attributes = {
				LastUpgradeCheck = 0610;
				ORGANIZATIONNAME = jmfernandezlerenaios;
				TargetAttributes = {
					DD3C4DE91A0D294B002856AE = {
						CreatedOnToolsVersion = 6.1;
						DevelopmentTeam = 3BH66APJMC;
						SystemCapabilities = {
							com.apple.BackgroundModes = {
								enabled = 1;
							};
						};
					};
					DD3C4E051A0D294C002856AE = {
						CreatedOnToolsVersion = 6.1;
						TestTargetID = DD3C4DE91A0D294B002856AE;
					};
				};
			};
			buildConfigurationList = DD3C4DE51A0D294B002856AE /* Build configuration list for PBXProject "Alerts" */;
			compatibilityVersion = "Xcode 3.2";
			developmentRegion = English;
			hasScannedForEncodings = 0;
			knownRegions = (
				en,
				Base,
			);
			mainGroup = DD3C4DE11A0D294B002856AE;
			productRefGroup = DD3C4DEB1A0D294B002856AE /* Products */;
			projectDirPath = "";
			projectRoot = "";
			targets = (
				DD3C4DE91A0D294B002856AE /* Alerts */,
				DD3C4E051A0D294C002856AE /* AlertsTests */,
			);
		};
/* End PBXProject section */

/* Begin PBXResourcesBuildPhase section */
		DD3C4DE81A0D294B002856AE /* Resources */ = {
			isa = PBXResourcesBuildPhase;
			buildActionMask = 2147483647;
			files = (
				DD3C4DFC1A0D294C002856AE /* Main.storyboard in Resources */,
				DDD62D3F1A111B64009702BD /* CHANGELOG.md in Resources */,
				DD3C4E2C1A0D3A75002856AE /* Localizable.strings in Resources */,
				DD3C4E351A10B2E7002856AE /* Alerts Property List.plist in Resources */,
				DD3C4E011A0D294C002856AE /* LaunchScreen.xib in Resources */,
				DD3C4DFE1A0D294C002856AE /* Images.xcassets in Resources */,
				DD3C4E6D1A10D749002856AE /* Settings.bundle in Resources */,
				DD3C4E711A10DD74002856AE /* LICENSE.txt in Resources */,
				DDD62D451A112613009702BD /* ACKNOWLEDGEMENTS.txt in Resources */,
			);
			runOnlyForDeploymentPostprocessing = 0;
		};
		DD3C4E041A0D294C002856AE /* Resources */ = {
			isa = PBXResourcesBuildPhase;
			buildActionMask = 2147483647;
			files = (
			);
			runOnlyForDeploymentPostprocessing = 0;
		};
/* End PBXResourcesBuildPhase section */

/* Begin PBXShellScriptBuildPhase section */
		9C2FC6D47564ECE5C6E73C73 /* Check Pods Manifest.lock */ = {
			isa = PBXShellScriptBuildPhase;
			buildActionMask = 2147483647;
			files = (
			);
			inputPaths = (
			);
			name = "Check Pods Manifest.lock";
			outputPaths = (
			);
			runOnlyForDeploymentPostprocessing = 0;
			shellPath = /bin/sh;
			shellScript = "diff \"${PODS_ROOT}/../Podfile.lock\" \"${PODS_ROOT}/Manifest.lock\" > /dev/null\nif [[ $? != 0 ]] ; then\n    cat << EOM\nerror: The sandbox is not in sync with the Podfile.lock. Run 'pod install' or update your CocoaPods installation.\nEOM\n    exit 1\nfi\n";
			showEnvVarsInLog = 0;
		};
		D3C4EEFA73AE6180514911E4 /* Copy Pods Resources */ = {
			isa = PBXShellScriptBuildPhase;
			buildActionMask = 2147483647;
			files = (
			);
			inputPaths = (
			);
			name = "Copy Pods Resources";
			outputPaths = (
			);
			runOnlyForDeploymentPostprocessing = 0;
			shellPath = /bin/sh;
			shellScript = "\"${SRCROOT}/Pods/Target Support Files/Pods/Pods-resources.sh\"\n";
			showEnvVarsInLog = 0;
		};
/* End PBXShellScriptBuildPhase section */

/* Begin PBXSourcesBuildPhase section */
		DD3C4DE61A0D294B002856AE /* Sources */ = {
			isa = PBXSourcesBuildPhase;
			buildActionMask = 2147483647;
			files = (
				DD3C4E201A0D318F002856AE /* CoreDataManager.m in Sources */,
				DD3C4DF31A0D294B002856AE /* AppDelegate.m in Sources */,
				DD3C4E581A10B9DC002856AE /* TrackingService.m in Sources */,
				DD3C4DF01A0D294B002856AE /* main.m in Sources */,
				DD3C4E301A10AB37002856AE /* HandleOpenURLService.m in Sources */,
				DD3C4DF91A0D294B002856AE /* HomeViewController.m in Sources */,
				DDD62D4B1A135BFD009702BD /* UINavigationController+StatusBarStyle.m in Sources */,
				DD3C4E1A1A0D2E3F002856AE /* LoggingService.m in Sources */,
				DD3C4DF61A0D294B002856AE /* Alerts.xcdatamodeld in Sources */,
				DD3C4E381A10B369002856AE /* AlertsPropertyList.m in Sources */,
				DD3C4E611A10BF5C002856AE /* UserSettingsService.m in Sources */,
				DD3C4E3E1A10B612002856AE /* ErrorService.m in Sources */,
				DD3C4E2A1A0D3A0E002856AE /* AlertsUI.m in Sources */,
				DDD62D4E1A135DDE009702BD /* SettingsViewController.m in Sources */,
			);
			runOnlyForDeploymentPostprocessing = 0;
		};
		DD3C4E021A0D294C002856AE /* Sources */ = {
			isa = PBXSourcesBuildPhase;
			buildActionMask = 2147483647;
			files = (
				DD3C4E0D1A0D294C002856AE /* AlertsTests.m in Sources */,
			);
			runOnlyForDeploymentPostprocessing = 0;
		};
/* End PBXSourcesBuildPhase section */

/* Begin PBXTargetDependency section */
		DD3C4E081A0D294C002856AE /* PBXTargetDependency */ = {
			isa = PBXTargetDependency;
			target = DD3C4DE91A0D294B002856AE /* Alerts */;
			targetProxy = DD3C4E071A0D294C002856AE /* PBXContainerItemProxy */;
		};
/* End PBXTargetDependency section */

/* Begin PBXVariantGroup section */
		DD3C4DFA1A0D294C002856AE /* Main.storyboard */ = {
			isa = PBXVariantGroup;
			children = (
				DD3C4DFB1A0D294C002856AE /* Base */,
			);
			name = Main.storyboard;
			sourceTree = "<group>";
		};
		DD3C4DFF1A0D294C002856AE /* LaunchScreen.xib */ = {
			isa = PBXVariantGroup;
			children = (
				DD3C4E001A0D294C002856AE /* Base */,
			);
			name = LaunchScreen.xib;
			sourceTree = "<group>";
		};
/* End PBXVariantGroup section */

/* Begin XCBuildConfiguration section */
		DD3C4E0E1A0D294C002856AE /* Debug */ = {
			isa = XCBuildConfiguration;
			buildSettings = {
				ALWAYS_SEARCH_USER_PATHS = NO;
				CLANG_CXX_LANGUAGE_STANDARD = "gnu++0x";
				CLANG_CXX_LIBRARY = "libc++";
				CLANG_ENABLE_MODULES = YES;
				CLANG_ENABLE_OBJC_ARC = YES;
				CLANG_WARN_BOOL_CONVERSION = YES;
				CLANG_WARN_CONSTANT_CONVERSION = YES;
				CLANG_WARN_DIRECT_OBJC_ISA_USAGE = YES_ERROR;
				CLANG_WARN_EMPTY_BODY = YES;
				CLANG_WARN_ENUM_CONVERSION = YES;
				CLANG_WARN_INT_CONVERSION = YES;
				CLANG_WARN_OBJC_ROOT_CLASS = YES_ERROR;
				CLANG_WARN_UNREACHABLE_CODE = YES;
				CLANG_WARN__DUPLICATE_METHOD_MATCH = YES;
				"CODE_SIGN_IDENTITY[sdk=iphoneos*]" = "iPhone Developer";
				COPY_PHASE_STRIP = NO;
				ENABLE_STRICT_OBJC_MSGSEND = YES;
				GCC_C_LANGUAGE_STANDARD = gnu99;
				GCC_DYNAMIC_NO_PIC = NO;
				GCC_OPTIMIZATION_LEVEL = 0;
				GCC_PREPROCESSOR_DEFINITIONS = (
					"DEBUG=1",
					"$(inherited)",
				);
				GCC_SYMBOLS_PRIVATE_EXTERN = NO;
				GCC_WARN_64_TO_32_BIT_CONVERSION = YES;
				GCC_WARN_ABOUT_RETURN_TYPE = YES_ERROR;
				GCC_WARN_UNDECLARED_SELECTOR = YES;
				GCC_WARN_UNINITIALIZED_AUTOS = YES_AGGRESSIVE;
				GCC_WARN_UNUSED_FUNCTION = YES;
				GCC_WARN_UNUSED_VARIABLE = YES;
				IPHONEOS_DEPLOYMENT_TARGET = 8.0;
				MTL_ENABLE_DEBUG_INFO = YES;
				ONLY_ACTIVE_ARCH = YES;
				SDKROOT = iphoneos;
				TARGETED_DEVICE_FAMILY = "1,2";
			};
			name = Debug;
		};
		DD3C4E0F1A0D294C002856AE /* Release */ = {
			isa = XCBuildConfiguration;
			buildSettings = {
				ALWAYS_SEARCH_USER_PATHS = NO;
				CLANG_CXX_LANGUAGE_STANDARD = "gnu++0x";
				CLANG_CXX_LIBRARY = "libc++";
				CLANG_ENABLE_MODULES = YES;
				CLANG_ENABLE_OBJC_ARC = YES;
				CLANG_WARN_BOOL_CONVERSION = YES;
				CLANG_WARN_CONSTANT_CONVERSION = YES;
				CLANG_WARN_DIRECT_OBJC_ISA_USAGE = YES_ERROR;
				CLANG_WARN_EMPTY_BODY = YES;
				CLANG_WARN_ENUM_CONVERSION = YES;
				CLANG_WARN_INT_CONVERSION = YES;
				CLANG_WARN_OBJC_ROOT_CLASS = YES_ERROR;
				CLANG_WARN_UNREACHABLE_CODE = YES;
				CLANG_WARN__DUPLICATE_METHOD_MATCH = YES;
				"CODE_SIGN_IDENTITY[sdk=iphoneos*]" = "iPhone Developer";
				COPY_PHASE_STRIP = YES;
				ENABLE_NS_ASSERTIONS = NO;
				ENABLE_STRICT_OBJC_MSGSEND = YES;
				GCC_C_LANGUAGE_STANDARD = gnu99;
				GCC_WARN_64_TO_32_BIT_CONVERSION = YES;
				GCC_WARN_ABOUT_RETURN_TYPE = YES_ERROR;
				GCC_WARN_UNDECLARED_SELECTOR = YES;
				GCC_WARN_UNINITIALIZED_AUTOS = YES_AGGRESSIVE;
				GCC_WARN_UNUSED_FUNCTION = YES;
				GCC_WARN_UNUSED_VARIABLE = YES;
				IPHONEOS_DEPLOYMENT_TARGET = 8.0;
				MTL_ENABLE_DEBUG_INFO = NO;
				SDKROOT = iphoneos;
				TARGETED_DEVICE_FAMILY = "1,2";
				VALIDATE_PRODUCT = YES;
			};
			name = Release;
		};
		DD3C4E111A0D294C002856AE /* Debug */ = {
			isa = XCBuildConfiguration;
			baseConfigurationReference = E9C1F77DF2DB334A2EFAC6E0 /* Pods.debug.xcconfig */;
			buildSettings = {
				ASSETCATALOG_COMPILER_APPICON_NAME = AppIcon;
				CODE_SIGN_IDENTITY = "iPhone Developer";
				GCC_PRECOMPILE_PREFIX_HEADER = YES;
				GCC_PREFIX_HEADER = Alerts/PrefixHeader.pch;
				INFOPLIST_FILE = Alerts/Info.plist;
				IPHONEOS_DEPLOYMENT_TARGET = 8.0;
				LD_RUNPATH_SEARCH_PATHS = "$(inherited) @executable_path/Frameworks";
				LIBRARY_SEARCH_PATHS = (
					"$(inherited)",
					"$(PROJECT_DIR)",
				);
				PRODUCT_NAME = "$(TARGET_NAME)";
			};
			name = Debug;
		};
		DD3C4E121A0D294C002856AE /* Release */ = {
			isa = XCBuildConfiguration;
			baseConfigurationReference = E5D305ED80B5B71375D814F7 /* Pods.release.xcconfig */;
			buildSettings = {
				ASSETCATALOG_COMPILER_APPICON_NAME = AppIcon;
				CODE_SIGN_IDENTITY = "iPhone Developer";
				GCC_PRECOMPILE_PREFIX_HEADER = YES;
				GCC_PREFIX_HEADER = Alerts/PrefixHeader.pch;
				INFOPLIST_FILE = Alerts/Info.plist;
				IPHONEOS_DEPLOYMENT_TARGET = 8.0;
				LD_RUNPATH_SEARCH_PATHS = "$(inherited) @executable_path/Frameworks";
				LIBRARY_SEARCH_PATHS = (
					"$(inherited)",
					"$(PROJECT_DIR)",
				);
				PRODUCT_NAME = "$(TARGET_NAME)";
			};
			name = Release;
		};
		DD3C4E141A0D294C002856AE /* Debug */ = {
			isa = XCBuildConfiguration;
			buildSettings = {
				BUNDLE_LOADER = "$(TEST_HOST)";
				FRAMEWORK_SEARCH_PATHS = (
					"$(SDKROOT)/Developer/Library/Frameworks",
					"$(inherited)",
				);
				GCC_PREPROCESSOR_DEFINITIONS = (
					"DEBUG=1",
					"$(inherited)",
				);
				INFOPLIST_FILE = AlertsTests/Info.plist;
				LD_RUNPATH_SEARCH_PATHS = "$(inherited) @executable_path/Frameworks @loader_path/Frameworks";
				PRODUCT_NAME = "$(TARGET_NAME)";
				TEST_HOST = "$(BUILT_PRODUCTS_DIR)/Alerts.app/Alerts";
			};
			name = Debug;
		};
		DD3C4E151A0D294C002856AE /* Release */ = {
			isa = XCBuildConfiguration;
			buildSettings = {
				BUNDLE_LOADER = "$(TEST_HOST)";
				FRAMEWORK_SEARCH_PATHS = (
					"$(SDKROOT)/Developer/Library/Frameworks",
					"$(inherited)",
				);
				INFOPLIST_FILE = AlertsTests/Info.plist;
				LD_RUNPATH_SEARCH_PATHS = "$(inherited) @executable_path/Frameworks @loader_path/Frameworks";
				PRODUCT_NAME = "$(TARGET_NAME)";
				TEST_HOST = "$(BUILT_PRODUCTS_DIR)/Alerts.app/Alerts";
			};
			name = Release;
		};
/* End XCBuildConfiguration section */

/* Begin XCConfigurationList section */
		DD3C4DE51A0D294B002856AE /* Build configuration list for PBXProject "Alerts" */ = {
			isa = XCConfigurationList;
			buildConfigurations = (
				DD3C4E0E1A0D294C002856AE /* Debug */,
				DD3C4E0F1A0D294C002856AE /* Release */,
			);
			defaultConfigurationIsVisible = 0;
			defaultConfigurationName = Release;
		};
		DD3C4E101A0D294C002856AE /* Build configuration list for PBXNativeTarget "Alerts" */ = {
			isa = XCConfigurationList;
			buildConfigurations = (
				DD3C4E111A0D294C002856AE /* Debug */,
				DD3C4E121A0D294C002856AE /* Release */,
			);
			defaultConfigurationIsVisible = 0;
			defaultConfigurationName = Release;
		};
		DD3C4E131A0D294C002856AE /* Build configuration list for PBXNativeTarget "AlertsTests" */ = {
			isa = XCConfigurationList;
			buildConfigurations = (
				DD3C4E141A0D294C002856AE /* Debug */,
				DD3C4E151A0D294C002856AE /* Release */,
			);
			defaultConfigurationIsVisible = 0;
			defaultConfigurationName = Release;
		};
/* End XCConfigurationList section */

/* Begin XCVersionGroup section */
		DD3C4DF41A0D294B002856AE /* Alerts.xcdatamodeld */ = {
			isa = XCVersionGroup;
			children = (
				DD3C4DF51A0D294B002856AE /* Alerts.xcdatamodel */,
			);
			currentVersion = DD3C4DF51A0D294B002856AE /* Alerts.xcdatamodel */;
			path = Alerts.xcdatamodeld;
			sourceTree = "<group>";
			versionGroupType = wrapper.xcdatamodel;
		};
/* End XCVersionGroup section */
	};
	rootObject = DD3C4DE21A0D294B002856AE /* Project object */;
}
